
Microsoft Visual Studio Solution File, Format Version 11.00
# Visual Studio 2010
Project("{8BC92035-F836-45AF-9C8C-7D3A461C2AB6}") = "AlertMe", "AlertMe.csproj", "{656562FC-3E62-4DAB-AF00-3F8B5C9E4C06}"
EndProject
Global
	GlobalSection(SolutionConfigurationPlatforms) = preSolution
		Debug|Any CPU = Debug|Any CPU
		Release|Any CPU = Release|Any CPU
	EndGlobalSection
	GlobalSection(ProjectConfigurationPlatforms) = postSolution
		{656562FC-3E62-4DAB-AF00-3F8B5C9E4C06}.Debug|Any CPU.ActiveCfg = Debug|Any CPU
		{656562FC-3E62-4DAB-AF00-3F8B5C9E4C06}.Debug|Any CPU.Build.0 = Debug|Any CPU
		{656562FC-3E62-4DAB-AF00-3F8B5C9E4C06}.Release|Any CPU.ActiveCfg = Release|Any CPU
		{656562FC-3E62-4DAB-AF00-3F8B5C9E4C06}.Release|Any CPU.Build.0 = Release|Any CPU
	EndGlobalSection
	GlobalSection(SolutionProperties) = preSolution
		HideSolutionNode = FALSE
	EndGlobalSection
EndGlobal
